
Microsoft Visual Studio Solution File, Format Version 12.00
# Visual Studio 14
VisualStudioVersion = 14.0.25123.0
MinimumVisualStudioVersion = 10.0.40219.1
Project("{F2A71F9B-5D33-465A-A702-920D77279786}") = "KingmakerFox.ExtensionMethods", "KingmakerFox.ExtensionMethods\KingmakerFox.ExtensionMethods.fsproj", "{DBBC506D-7ACE-49DB-967A-A81AEF328AB8}"
EndProject
Project("{F2A71F9B-5D33-465A-A702-920D77279786}") = "KingmakerFox.ExtensionMethodsTests", "KingmakerFox.ExtensionMethodsTests\KingmakerFox.ExtensionMethodsTests.fsproj", "{2B35DCF2-79C4-43A5-BDED-004CFB49380F}"
EndProject
Project("{2150E333-8FDC-42A3-9474-1A3956D46DE8}") = "Solution Items", "Solution Items", "{F27603B3-AB8D-4A61-A915-D903F2B57731}"
	ProjectSection(SolutionItems) = preProject
		build.cmd = build.cmd
		build.fsx = build.fsx
	EndProjectSection
EndProject
Global
	GlobalSection(SolutionConfigurationPlatforms) = preSolution
		Debug|Any CPU = Debug|Any CPU
		Release|Any CPU = Release|Any CPU
	EndGlobalSection
	GlobalSection(ProjectConfigurationPlatforms) = postSolution
		{DBBC506D-7ACE-49DB-967A-A81AEF328AB8}.Debug|Any CPU.ActiveCfg = Debug|Any CPU
		{DBBC506D-7ACE-49DB-967A-A81AEF328AB8}.Debug|Any CPU.Build.0 = Debug|Any CPU
		{DBBC506D-7ACE-49DB-967A-A81AEF328AB8}.Release|Any CPU.ActiveCfg = Release|Any CPU
		{DBBC506D-7ACE-49DB-967A-A81AEF328AB8}.Release|Any CPU.Build.0 = Release|Any CPU
		{2B35DCF2-79C4-43A5-BDED-004CFB49380F}.Debug|Any CPU.ActiveCfg = Debug|Any CPU
		{2B35DCF2-79C4-43A5-BDED-004CFB49380F}.Debug|Any CPU.Build.0 = Debug|Any CPU
		{2B35DCF2-79C4-43A5-BDED-004CFB49380F}.Release|Any CPU.ActiveCfg = Release|Any CPU
		{2B35DCF2-79C4-43A5-BDED-004CFB49380F}.Release|Any CPU.Build.0 = Release|Any CPU
	EndGlobalSection
	GlobalSection(SolutionProperties) = preSolution
		HideSolutionNode = FALSE
	EndGlobalSection
EndGlobal
